{
  "name": "spatial-jobs-index",
  "lockfileVersion": 3,
  "requires": true,
  "packages": {
    "": {
      "devDependencies": {
        "tdd-guard": "^0.1.4"
      }
    },
    "node_modules/@anthropic-ai/sdk": {
      "version": "0.56.0",
      "resolved": "https://registry.npmjs.org/@anthropic-ai/sdk/-/sdk-0.56.0.tgz",
      "integrity": "sha512-SLCB8M8+VMg1cpCucnA1XWHGWqVSZtIWzmOdDOEu3eTFZMB+A0sGZ1ESO5MHDnqrNTXz3safMrWx9x4rMZSOqA==",
      "dev": true,
      "license": "MIT",
      "bin": {
        "anthropic-ai-sdk": "bin/cli"
      }
    },
    "node_modules/dotenv": {
      "version": "17.2.0",
      "resolved": "https://registry.npmjs.org/dotenv/-/dotenv-17.2.0.tgz",
      "integrity": "sha512-Q4sgBT60gzd0BB0lSyYD3xM4YxrXA9y4uBDof1JNYGzOXrQdQ6yX+7XIAqoFOGQFOTK1D3Hts5OllpxMDZFONQ==",
      "dev": true,
      "license": "BSD-2-Clause",
      "engines": {
        "node": ">=12"
      },
      "funding": {
        "url": "https://dotenvx.com"
      }
    },
    "node_modules/tdd-guard": {
      "version": "0.1.4",
      "resolved": "https://registry.npmjs.org/tdd-guard/-/tdd-guard-0.1.4.tgz",
      "integrity": "sha512-zOuppfjLJ6NGobU8DSH3farcitCbQet+pINARcdpw8DFv19XE32Crm/shXrSyRBmxFE7GXQQJJGN7971c4J3og==",
      "dev": true,
      "license": "MIT",
      "dependencies": {
        "@anthropic-ai/sdk": "^0.56.0",
        "dotenv": "^17.1.0",
        "zod": "^3.25.74"
      },
      "bin": {
        "tdd-guard": "dist/cli/tdd-guard.js"
      }
    },
    "node_modules/zod": {
      "version": "3.25.76",
      "resolved": "https://registry.npmjs.org/zod/-/zod-3.25.76.tgz",
      "integrity": "sha512-gzUt/qt81nXsFGKIFcC3YnfEAx5NkunCfnDlvuBSSFS02bcXu4Lmea0AFIUwbLWxWPx3d9p8S5QoaujKcNQxcQ==",
      "dev": true,
      "license": "MIT",
      "funding": {
        "url": "https://github.com/sponsors/colinhacks"
      }
    }
  }
}
